
Microsoft Visual Studio Solution File, Format Version 12.00
# Visual Studio Version 17
VisualStudioVersion = 17.4.33110.190
MinimumVisualStudioVersion = 10.0.40219.1
Project("{FAE04EC0-301F-11D3-BF4B-00C04F79EFBC}") = "MultiColorModernUI", "MultiColorModernUI\MultiColorModernUI.csproj", "{F8E1D1FE-CA30-483C-BCA9-97E53A432E29}"
EndProject
Global
	GlobalSection(SolutionConfigurationPlatforms) = preSolution
		Debug|Any CPU = Debug|Any CPU
		Release|Any CPU = Release|Any CPU
	EndGlobalSection
	GlobalSection(ProjectConfigurationPlatforms) = postSolution
		{F8E1D1FE-CA30-483C-BCA9-97E53A432E29}.Debug|Any CPU.ActiveCfg = Debug|Any CPU
		{F8E1D1FE-CA30-483C-BCA9-97E53A432E29}.Debug|Any CPU.Build.0 = Debug|Any CPU
		{F8E1D1FE-CA30-483C-BCA9-97E53A432E29}.Release|Any CPU.ActiveCfg = Release|Any CPU
		{F8E1D1FE-CA30-483C-BCA9-97E53A432E29}.Release|Any CPU.Build.0 = Release|Any CPU
	EndGlobalSection
	GlobalSection(SolutionProperties) = preSolution
		HideSolutionNode = FALSE
	EndGlobalSection
	GlobalSection(ExtensibilityGlobals) = postSolution
		SolutionGuid = {E65468A8-1E96-4B18-9B60-3FFDA312F3A2}
	EndGlobalSection
EndGlobal
